
Microsoft Visual Studio Solution File, Format Version 12.00
# Visual Studio Version 17
VisualStudioVersion = 17.1.32421.90
MinimumVisualStudioVersion = 10.0.40219.1
Project("{FAE04EC0-301F-11D3-BF4B-00C04F79EFBC}") = "Dapper_SimpleCRUD", "Dapper_SimpleCRUD\Dapper_SimpleCRUD.csproj", "{921A81D2-868E-4053-A581-0785027AE9EC}"
EndProject
Global
	GlobalSection(SolutionConfigurationPlatforms) = preSolution
		Debug|Any CPU = Debug|Any CPU
		Release|Any CPU = Release|Any CPU
	EndGlobalSection
	GlobalSection(ProjectConfigurationPlatforms) = postSolution
		{921A81D2-868E-4053-A581-0785027AE9EC}.Debug|Any CPU.ActiveCfg = Debug|Any CPU
		{921A81D2-868E-4053-A581-0785027AE9EC}.Debug|Any CPU.Build.0 = Debug|Any CPU
		{921A81D2-868E-4053-A581-0785027AE9EC}.Release|Any CPU.ActiveCfg = Release|Any CPU
		{921A81D2-868E-4053-A581-0785027AE9EC}.Release|Any CPU.Build.0 = Release|Any CPU
	EndGlobalSection
	GlobalSection(SolutionProperties) = preSolution
		HideSolutionNode = FALSE
	EndGlobalSection
	GlobalSection(ExtensibilityGlobals) = postSolution
		SolutionGuid = {814F3339-2B4F-4D50-8914-3E175EF7F38C}
	EndGlobalSection
EndGlobal
